{
  "name": "@stryker-mutator/dashboard-common",
  "version": "0.13.4",
  "lockfileVersion": 2,
  "requires": true,
  "packages": {
    "": {
      "name": "@stryker-mutator/dashboard-common",
      "version": "0.13.4",
      "license": "ISC",
      "dependencies": {
        "mutation-testing-report-schema": "3.0.0"
      }
    },
    "node_modules/mutation-testing-report-schema": {
      "version": "3.0.0",
      "resolved": "https://registry.npmjs.org/mutation-testing-report-schema/-/mutation-testing-report-schema-3.0.0.tgz",
      "integrity": "sha512-70+ZPYoyedruSGiEcXQnFiTtIusBYlsL/2EMwfR+/HOqBGxBpmI798spqc86ZVYXPVCL5mt2rWjE1dTQwcjpmQ=="
    }
  },
  "dependencies": {
    "mutation-testing-report-schema": {
      "version": "3.0.0",
      "resolved": "https://registry.npmjs.org/mutation-testing-report-schema/-/mutation-testing-report-schema-3.0.0.tgz",
      "integrity": "sha512-70+ZPYoyedruSGiEcXQnFiTtIusBYlsL/2EMwfR+/HOqBGxBpmI798spqc86ZVYXPVCL5mt2rWjE1dTQwcjpmQ=="
    }
  }
}
