{
  "name": "badge-service",
  "version": "0.1.0",
  "lockfileVersion": 1,
  "requires": true,
  "dependencies": {
    "js-sha512": {
      "version": "0.7.0",
      "resolved": "https://registry.npmjs.org/js-sha512/-/js-sha512-0.7.0.tgz",
      "integrity": "sha512-YJoj+lZSBG/+CFYffATxJWVSBlc2C4crR1XHV2xCfFm8FDVVof/0EkbVS5EFKxULpQyn5gY1MF3J/oAmiNgQYg=="
    },
    "stryker-dashboard-data-access": {
      "version": "file:../data-access",
      "requires": {
        "azure-storage": "2.6.0"
      },
      "dependencies": {
        "@types/mocha": {
          "version": "2.2.44",
          "bundled": true
        },
        "@types/node": {
          "version": "8.0.53",
          "bundled": true
        },
        "ajv": {
          "version": "4.11.8",
          "bundled": true,
          "requires": {
            "co": "4.6.0",
            "json-stable-stringify": "1.0.1"
          }
        },
        "asn1": {
          "version": "0.2.3",
          "bundled": true
        },
        "assert-plus": {
          "version": "0.2.0",
          "bundled": true
        },
        "asynckit": {
          "version": "0.4.0",
          "bundled": true
        },
        "aws-sign2": {
          "version": "0.6.0",
          "bundled": true
        },
        "aws4": {
          "version": "1.6.0",
          "bundled": true
        },
        "azure-storage": {
          "version": "2.6.0",
          "bundled": true,
          "requires": {
            "browserify-mime": "1.2.9",
            "extend": "1.2.1",
            "json-edm-parser": "0.1.2",
            "md5.js": "1.3.4",
            "readable-stream": "2.0.6",
            "request": "2.81.0",
            "underscore": "1.8.3",
            "uuid": "3.1.0",
            "validator": "3.35.0",
            "xml2js": "0.2.7",
            "xmlbuilder": "0.4.3"
          }
        },
        "bcrypt-pbkdf": {
          "version": "1.0.1",
          "bundled": true,
          "optional": true,
          "requires": {
            "tweetnacl": "0.14.5"
          }
        },
        "boom": {
          "version": "2.10.1",
          "bundled": true,
          "requires": {
            "hoek": "2.16.3"
          }
        },
        "browserify-mime": {
          "version": "1.2.9",
          "bundled": true
        },
        "caseless": {
          "version": "0.12.0",
          "bundled": true
        },
        "co": {
          "version": "4.6.0",
          "bundled": true
        },
        "combined-stream": {
          "version": "1.0.5",
          "bundled": true,
          "requires": {
            "delayed-stream": "1.0.0"
          }
        },
        "core-util-is": {
          "version": "1.0.2",
          "bundled": true
        },
        "cryptiles": {
          "version": "2.0.5",
          "bundled": true,
          "requires": {
            "boom": "2.10.1"
          }
        },
        "dashdash": {
          "version": "1.14.1",
          "bundled": true,
          "requires": {
            "assert-plus": "1.0.0"
          },
          "dependencies": {
            "assert-plus": {
              "version": "1.0.0",
              "bundled": true
            }
          }
        },
        "delayed-stream": {
          "version": "1.0.0",
          "bundled": true
        },
        "ecc-jsbn": {
          "version": "0.1.1",
          "bundled": true,
          "optional": true,
          "requires": {
            "jsbn": "0.1.1"
          }
        },
        "extend": {
          "version": "1.2.1",
          "bundled": true
        },
        "extsprintf": {
          "version": "1.3.0",
          "bundled": true
        },
        "forever-agent": {
          "version": "0.6.1",
          "bundled": true
        },
        "form-data": {
          "version": "2.1.4",
          "bundled": true,
          "requires": {
            "asynckit": "0.4.0",
            "combined-stream": "1.0.5",
            "mime-types": "2.1.17"
          }
        },
        "getpass": {
          "version": "0.1.7",
          "bundled": true,
          "requires": {
            "assert-plus": "1.0.0"
          },
          "dependencies": {
            "assert-plus": {
              "version": "1.0.0",
              "bundled": true
            }
          }
        },
        "har-schema": {
          "version": "1.0.5",
          "bundled": true
        },
        "har-validator": {
          "version": "4.2.1",
          "bundled": true,
          "requires": {
            "ajv": "4.11.8",
            "har-schema": "1.0.5"
          }
        },
        "hash-base": {
          "version": "3.0.4",
          "bundled": true,
          "requires": {
            "inherits": "2.0.3",
            "safe-buffer": "5.1.1"
          }
        },
        "hawk": {
          "version": "3.1.3",
          "bundled": true,
          "requires": {
            "boom": "2.10.1",
            "cryptiles": "2.0.5",
            "hoek": "2.16.3",
            "sntp": "1.0.9"
          }
        },
        "hoek": {
          "version": "2.16.3",
          "bundled": true
        },
        "http-signature": {
          "version": "1.1.1",
          "bundled": true,
          "requires": {
            "assert-plus": "0.2.0",
            "jsprim": "1.4.1",
            "sshpk": "1.13.1"
          }
        },
        "inherits": {
          "version": "2.0.3",
          "bundled": true
        },
        "is-typedarray": {
          "version": "1.0.0",
          "bundled": true
        },
        "isarray": {
          "version": "1.0.0",
          "bundled": true
        },
        "isstream": {
          "version": "0.1.2",
          "bundled": true
        },
        "jsbn": {
          "version": "0.1.1",
          "bundled": true,
          "optional": true
        },
        "json-edm-parser": {
          "version": "0.1.2",
          "bundled": true,
          "requires": {
            "jsonparse": "1.2.0"
          }
        },
        "json-schema": {
          "version": "0.2.3",
          "bundled": true
        },
        "json-stable-stringify": {
          "version": "1.0.1",
          "bundled": true,
          "requires": {
            "jsonify": "0.0.0"
          }
        },
        "json-stringify-safe": {
          "version": "5.0.1",
          "bundled": true
        },
        "jsonify": {
          "version": "0.0.0",
          "bundled": true
        },
        "jsonparse": {
          "version": "1.2.0",
          "bundled": true
        },
        "jsprim": {
          "version": "1.4.1",
          "bundled": true,
          "requires": {
            "assert-plus": "1.0.0",
            "extsprintf": "1.3.0",
            "json-schema": "0.2.3",
            "verror": "1.10.0"
          },
          "dependencies": {
            "assert-plus": {
              "version": "1.0.0",
              "bundled": true
            }
          }
        },
        "md5.js": {
          "version": "1.3.4",
          "bundled": true,
          "requires": {
            "hash-base": "3.0.4",
            "inherits": "2.0.3"
          }
        },
        "mime-db": {
          "version": "1.30.0",
          "bundled": true
        },
        "mime-types": {
          "version": "2.1.17",
          "bundled": true,
          "requires": {
            "mime-db": "1.30.0"
          }
        },
        "oauth-sign": {
          "version": "0.8.2",
          "bundled": true
        },
        "performance-now": {
          "version": "0.2.0",
          "bundled": true
        },
        "process-nextick-args": {
          "version": "1.0.7",
          "bundled": true
        },
        "punycode": {
          "version": "1.4.1",
          "bundled": true
        },
        "qs": {
          "version": "6.4.0",
          "bundled": true
        },
        "readable-stream": {
          "version": "2.0.6",
          "bundled": true,
          "requires": {
            "core-util-is": "1.0.2",
            "inherits": "2.0.3",
            "isarray": "1.0.0",
            "process-nextick-args": "1.0.7",
            "string_decoder": "0.10.31",
            "util-deprecate": "1.0.2"
          }
        },
        "request": {
          "version": "2.81.0",
          "bundled": true,
          "requires": {
            "aws-sign2": "0.6.0",
            "aws4": "1.6.0",
            "caseless": "0.12.0",
            "combined-stream": "1.0.5",
            "extend": "3.0.1",
            "forever-agent": "0.6.1",
            "form-data": "2.1.4",
            "har-validator": "4.2.1",
            "hawk": "3.1.3",
            "http-signature": "1.1.1",
            "is-typedarray": "1.0.0",
            "isstream": "0.1.2",
            "json-stringify-safe": "5.0.1",
            "mime-types": "2.1.17",
            "oauth-sign": "0.8.2",
            "performance-now": "0.2.0",
            "qs": "6.4.0",
            "safe-buffer": "5.1.1",
            "stringstream": "0.0.5",
            "tough-cookie": "2.3.3",
            "tunnel-agent": "0.6.0",
            "uuid": "3.1.0"
          },
          "dependencies": {
            "extend": {
              "version": "3.0.1",
              "bundled": true
            }
          }
        },
        "safe-buffer": {
          "version": "5.1.1",
          "bundled": true
        },
        "sax": {
          "version": "0.5.2",
          "bundled": true
        },
        "sntp": {
          "version": "1.0.9",
          "bundled": true,
          "requires": {
            "hoek": "2.16.3"
          }
        },
        "sshpk": {
          "version": "1.13.1",
          "bundled": true,
          "requires": {
            "asn1": "0.2.3",
            "assert-plus": "1.0.0",
            "bcrypt-pbkdf": "1.0.1",
            "dashdash": "1.14.1",
            "ecc-jsbn": "0.1.1",
            "getpass": "0.1.7",
            "jsbn": "0.1.1",
            "tweetnacl": "0.14.5"
          },
          "dependencies": {
            "assert-plus": {
              "version": "1.0.0",
              "bundled": true
            }
          }
        },
        "string_decoder": {
          "version": "0.10.31",
          "bundled": true
        },
        "stringstream": {
          "version": "0.0.5",
          "bundled": true
        },
        "tough-cookie": {
          "version": "2.3.3",
          "bundled": true,
          "requires": {
            "punycode": "1.4.1"
          }
        },
        "tunnel-agent": {
          "version": "0.6.0",
          "bundled": true,
          "requires": {
            "safe-buffer": "5.1.1"
          }
        },
        "tweetnacl": {
          "version": "0.14.5",
          "bundled": true,
          "optional": true
        },
        "underscore": {
          "version": "1.8.3",
          "bundled": true
        },
        "util-deprecate": {
          "version": "1.0.2",
          "bundled": true
        },
        "uuid": {
          "version": "3.1.0",
          "bundled": true
        },
        "validator": {
          "version": "3.35.0",
          "bundled": true
        },
        "verror": {
          "version": "1.10.0",
          "bundled": true,
          "requires": {
            "assert-plus": "1.0.0",
            "core-util-is": "1.0.2",
            "extsprintf": "1.3.0"
          },
          "dependencies": {
            "assert-plus": {
              "version": "1.0.0",
              "bundled": true
            }
          }
        },
        "xml2js": {
          "version": "0.2.7",
          "bundled": true,
          "requires": {
            "sax": "0.5.2"
          }
        },
        "xmlbuilder": {
          "version": "0.4.3",
          "bundled": true
        }
      }
    }
  }
}
