{
  "name": "stryker-dashboard-website-contract",
  "version": "0.0.1",
  "lockfileVersion": 1,
  "requires": true,
  "dependencies": {
    "mutation-testing-report-schema": {
      "version": "1.1.1",
      "resolved": "https://registry.npmjs.org/mutation-testing-report-schema/-/mutation-testing-report-schema-1.1.1.tgz",
      "integrity": "sha512-rinrA3i16hHQAE2L0FRinKrIIq1X52LijmeW/EjO3o3gkV5LrG3njGbE6Yezj4/edGBiriJXpLz82hkMG7aKNg==",
      "dev": true
    }
  }
}
