{
	"name": "@stryker-mutator/dashboard-contract",
	"version": "0.8.0",
	"lockfileVersion": 1,
	"requires": true,
	"dependencies": {
		"mutation-testing-report-schema": {
			"version": "1.7.1",
			"resolved": "https://registry.npmjs.org/mutation-testing-report-schema/-/mutation-testing-report-schema-1.7.1.tgz",
			"integrity": "sha512-yElCLI/NOz6QWG6HwRvDMtzND5EkvgC/3KvmgO6rSz8+rlK0EO4OfvnFp8a7r5m/2gEN67JABMnlx76tWBWS1Q=="
		}
	}
}
