{
  "name": "@stryker-mutator/dashboard-contract",
  "version": "0.13.4",
  "lockfileVersion": 2,
  "requires": true,
  "packages": {
    "": {
      "name": "@stryker-mutator/dashboard-contract",
      "version": "0.13.4",
      "license": "ISC",
      "dependencies": {
        "mutation-testing-report-schema": "3.0.2"
      }
    },
    "node_modules/mutation-testing-report-schema": {
      "version": "3.0.2",
      "resolved": "https://registry.npmjs.org/mutation-testing-report-schema/-/mutation-testing-report-schema-3.0.2.tgz",
      "integrity": "sha512-1F6s37zFDsoWa262sANVBDKANMvmKPVU1FAVEpSCMtKAGkFoar+tjXUlPnD0dWJfPuKV58G86zP7sMlcu+QOJQ=="
    }
  },
  "dependencies": {
    "mutation-testing-report-schema": {
      "version": "3.0.2",
      "resolved": "https://registry.npmjs.org/mutation-testing-report-schema/-/mutation-testing-report-schema-3.0.2.tgz",
      "integrity": "sha512-1F6s37zFDsoWa262sANVBDKANMvmKPVU1FAVEpSCMtKAGkFoar+tjXUlPnD0dWJfPuKV58G86zP7sMlcu+QOJQ=="
    }
  }
}
